
Microsoft Visual Studio Solution File, Format Version 12.00
# Visual Studio Version 17
VisualStudioVersion = 17.2.32630.192
MinimumVisualStudioVersion = 10.0.40219.1
Project("{FAE04EC0-301F-11D3-BF4B-00C04F79EFBC}") = "GainsightWpfApp", "GainsightWpfApp\GainsightWpfApp.csproj", "{3F004486-4D4E-4FD5-95B1-D7DD09A1B501}"
EndProject
Global
	GlobalSection(SolutionConfigurationPlatforms) = preSolution
		Debug|Any CPU = Debug|Any CPU
		Release|Any CPU = Release|Any CPU
	EndGlobalSection
	GlobalSection(ProjectConfigurationPlatforms) = postSolution
		{3F004486-4D4E-4FD5-95B1-D7DD09A1B501}.Debug|Any CPU.ActiveCfg = Debug|Any CPU
		{3F004486-4D4E-4FD5-95B1-D7DD09A1B501}.Debug|Any CPU.Build.0 = Debug|Any CPU
		{3F004486-4D4E-4FD5-95B1-D7DD09A1B501}.Release|Any CPU.ActiveCfg = Release|Any CPU
		{3F004486-4D4E-4FD5-95B1-D7DD09A1B501}.Release|Any CPU.Build.0 = Release|Any CPU
	EndGlobalSection
	GlobalSection(SolutionProperties) = preSolution
		HideSolutionNode = FALSE
	EndGlobalSection
	GlobalSection(ExtensibilityGlobals) = postSolution
		SolutionGuid = {73E079C6-06CF-4BF5-BF0C-D425E50CB9FE}
	EndGlobalSection
EndGlobal
